<?xml version="1.0" encoding="utf-8"?>
<Project ToolsVersion="4.0" xmlns="http://schemas.microsoft.com/developer/msbuild/2003">
  <ItemGroup>
    <Filter Include="Main">
      <UniqueIdentifier>{51909714-0bd1-40ed-abd9-96ed3320f948}</UniqueIdentifier>
    </Filter>
    <Filter Include="Game">
      <UniqueIdentifier>{09f68235-1989-4168-8a01-88320c00a671}</UniqueIdentifier>
    </Filter>
    <Filter Include="ClientHN">
      <UniqueIdentifier>{d5f09012-3d88-4964-9522-d228be8b2932}</UniqueIdentifier>
    </Filter>
    <Filter Include="ClientHN\Scene">
      <UniqueIdentifier>{7d3bbea5-f9bb-4f45-92e1-1b5021f395d2}</UniqueIdentifier>
    </Filter>
    <Filter Include="Game\HNPDK">
      <UniqueIdentifier>{31506a1a-1117-4ab0-a766-00e7ea10cc81}</UniqueIdentifier>
    </Filter>
  </ItemGroup>
  <ItemGroup>
    <ClInclude Include="..\Classes\Game\HNPDK\CMD_PDK.h">
      <Filter>Game\HNPDK</Filter>
    </ClInclude>
    <ClInclude Include="..\Classes\Game\HNPDK\PDKGameLogic.h">
      <Filter>Game\HNPDK</Filter>
    </ClInclude>
    <ClInclude Include="..\Classes\Game\HNPDK\PDKGameScence.h">
      <Filter>Game\HNPDK</Filter>
    </ClInclude>
    <ClInclude Include="..\Classes\Game\HNPDK\PDKPlayer.h">
      <Filter>Game\HNPDK</Filter>
    </ClInclude>
    <ClInclude Include="..\Classes\Game\HNPDK\PDKSoundFun.h">
      <Filter>Game\HNPDK</Filter>
    </ClInclude>
    <ClInclude Include="..\Classes\NCGameManager.h">
      <Filter>ClientHN</Filter>
    </ClInclude>
    <ClInclude Include="..\Classes\Main\AppDelegate.h">
      <Filter>Main</Filter>
    </ClInclude>
    <ClInclude Include="..\Classes\Main\NCGame.h">
      <Filter>Main</Filter>
    </ClInclude>
    <ClInclude Include="..\Classes\WindowsMain\main.h" />
    <ClInclude Include="..\Classes\Scene\NCGameRecord.h">
      <Filter>ClientHN\Scene</Filter>
    </ClInclude>
    <ClInclude Include="..\Classes\Scene\NCHelpScence.h">
      <Filter>ClientHN\Scene</Filter>
    </ClInclude>
    <ClInclude Include="..\Classes\Scene\NCHomeScence.h">
      <Filter>ClientHN\Scene</Filter>
    </ClInclude>
    <ClInclude Include="..\Classes\Scene\NCLogonScence.h">
      <Filter>ClientHN\Scene</Filter>
    </ClInclude>
    <ClInclude Include="..\Classes\Scene\NCMessageScence.h">
      <Filter>ClientHN\Scene</Filter>
    </ClInclude>
    <ClInclude Include="..\Classes\Scene\NCNewsScence.h">
      <Filter>ClientHN\Scene</Filter>
    </ClInclude>
    <ClInclude Include="..\Classes\Scene\NCPrivateScenceNC.h">
      <Filter>ClientHN\Scene</Filter>
    </ClInclude>
    <ClInclude Include="..\Classes\Scene\NCRouletteScence.h">
      <Filter>ClientHN\Scene</Filter>
    </ClInclude>
    <ClInclude Include="..\Classes\Scene\NCScenceManager.h">
      <Filter>ClientHN\Scene</Filter>
    </ClInclude>
    <ClInclude Include="..\Classes\Scene\NCSetScence.h">
      <Filter>ClientHN\Scene</Filter>
    </ClInclude>
    <ClInclude Include="..\Classes\Scene\NCShopScence.h">
      <Filter>ClientHN\Scene</Filter>
    </ClInclude>
  </ItemGroup>
  <ItemGroup>
    <ClCompile Include="..\Classes\Game\HNPDK\PDKGameLogic.cpp">
      <Filter>Game\HNPDK</Filter>
    </ClCompile>
    <ClCompile Include="..\Classes\Game\HNPDK\PDKGameScence.cpp">
      <Filter>Game\HNPDK</Filter>
    </ClCompile>
    <ClCompile Include="..\Classes\Game\HNPDK\PDKGameScence_Button.cpp">
      <Filter>Game\HNPDK</Filter>
    </ClCompile>
    <ClCompile Include="..\Classes\Game\HNPDK\PDKGameScence_CB.cpp">
      <Filter>Game\HNPDK</Filter>
    </ClCompile>
    <ClCompile Include="..\Classes\Game\HNPDK\PDKGameScence_Net.cpp">
      <Filter>Game\HNPDK</Filter>
    </ClCompile>
    <ClCompile Include="..\Classes\Game\HNPDK\PDKGameScence_Player.cpp">
      <Filter>Game\HNPDK</Filter>
    </ClCompile>
    <ClCompile Include="..\Classes\Game\HNPDK\PDKGameScence_Private.cpp">
      <Filter>Game\HNPDK</Filter>
    </ClCompile>
    <ClCompile Include="..\Classes\Game\HNPDK\PDKGameScence_Touch.cpp">
      <Filter>Game\HNPDK</Filter>
    </ClCompile>
    <ClCompile Include="..\Classes\Game\HNPDK\PDKPlayer.cpp">
      <Filter>Game\HNPDK</Filter>
    </ClCompile>
    <ClCompile Include="..\Classes\Game\HNPDK\PDKPlayer_Card.cpp">
      <Filter>Game\HNPDK</Filter>
    </ClCompile>
    <ClCompile Include="..\Classes\Game\HNPDK\PDKSoundFun.cpp">
      <Filter>Game\HNPDK</Filter>
    </ClCompile>
    <ClCompile Include="..\Classes\NCGameManager.cpp">
      <Filter>ClientHN</Filter>
    </ClCompile>
    <ClCompile Include="..\Classes\NCGameManager_Game.cpp">
      <Filter>ClientHN</Filter>
    </ClCompile>
    <ClCompile Include="..\Classes\Main\AppDelegate.cpp">
      <Filter>Main</Filter>
    </ClCompile>
    <ClCompile Include="..\Classes\Main\NCGame.cpp">
      <Filter>Main</Filter>
    </ClCompile>
    <ClCompile Include="..\Classes\WindowsMain\main.cpp" />
    <ClCompile Include="..\Classes\Scene\NCGameRecord.cpp">
      <Filter>ClientHN\Scene</Filter>
    </ClCompile>
    <ClCompile Include="..\Classes\Scene\NCHelpScence.cpp">
      <Filter>ClientHN\Scene</Filter>
    </ClCompile>
    <ClCompile Include="..\Classes\Scene\NCHomeScence.cpp">
      <Filter>ClientHN\Scene</Filter>
    </ClCompile>
    <ClCompile Include="..\Classes\Scene\NCHomeScence_Button.cpp">
      <Filter>ClientHN\Scene</Filter>
    </ClCompile>
    <ClCompile Include="..\Classes\Scene\NCHomeScence_Sink.cpp">
      <Filter>ClientHN\Scene</Filter>
    </ClCompile>
    <ClCompile Include="..\Classes\Scene\NCLogonScence.cpp">
      <Filter>ClientHN\Scene</Filter>
    </ClCompile>
    <ClCompile Include="..\Classes\Scene\NCMessageScence.cpp">
      <Filter>ClientHN\Scene</Filter>
    </ClCompile>
    <ClCompile Include="..\Classes\Scene\NCNewsScence.cpp">
      <Filter>ClientHN\Scene</Filter>
    </ClCompile>
    <ClCompile Include="..\Classes\Scene\NCPrivateScenceNC.cpp">
      <Filter>ClientHN\Scene</Filter>
    </ClCompile>
    <ClCompile Include="..\Classes\Scene\NCRouletteScence.cpp">
      <Filter>ClientHN\Scene</Filter>
    </ClCompile>
    <ClCompile Include="..\Classes\Scene\NCScenceManager.cpp">
      <Filter>ClientHN\Scene</Filter>
    </ClCompile>
    <ClCompile Include="..\Classes\Scene\NCSetScence.cpp">
      <Filter>ClientHN\Scene</Filter>
    </ClCompile>
    <ClCompile Include="..\Classes\Scene\NCShopScence.cpp">
      <Filter>ClientHN\Scene</Filter>
    </ClCompile>
  </ItemGroup>
</Project>